
Microsoft Visual Studio Solution File, Format Version 12.00
# Visual Studio Version 17
VisualStudioVersion = 17.8.34316.72
MinimumVisualStudioVersion = 10.0.40219.1
Project("{FAE04EC0-301F-11D3-BF4B-00C04F79EFBC}") = "Lesson_06_12_23", "Lesson_06_12_23\Lesson_06_12_23.csproj", "{37AC804B-256B-4C91-9EE3-57DB72A535D3}"
EndProject
Global
	GlobalSection(SolutionConfigurationPlatforms) = preSolution
		Debug|Any CPU = Debug|Any CPU
		Release|Any CPU = Release|Any CPU
	EndGlobalSection
	GlobalSection(ProjectConfigurationPlatforms) = postSolution
		{37AC804B-256B-4C91-9EE3-57DB72A535D3}.Debug|Any CPU.ActiveCfg = Debug|Any CPU
		{37AC804B-256B-4C91-9EE3-57DB72A535D3}.Debug|Any CPU.Build.0 = Debug|Any CPU
		{37AC804B-256B-4C91-9EE3-57DB72A535D3}.Release|Any CPU.ActiveCfg = Release|Any CPU
		{37AC804B-256B-4C91-9EE3-57DB72A535D3}.Release|Any CPU.Build.0 = Release|Any CPU
	EndGlobalSection
	GlobalSection(SolutionProperties) = preSolution
		HideSolutionNode = FALSE
	EndGlobalSection
	GlobalSection(ExtensibilityGlobals) = postSolution
		SolutionGuid = {F835B7B8-C8BB-441B-B869-D72D7F9296DD}
	EndGlobalSection
EndGlobal
